# This file is generated by running "yarn install" inside your project.
# Manual changes might be lost - proceed with caution!

__metadata:
  version: 6
  cacheKey: 8

"@types/semver@npm:^7.3.6":
  version: 7.3.9
  resolution: "@types/semver@npm:7.3.9"
  checksum: 60bfcfdfa7f937be2c6f4b37ddb6714fb0f27b05fe4cbdfdd596a97d35ed95d13ee410efdd88e72a66449d0384220bf20055ab7d6b5df10de4990fbd20e5cbe0
  languageName: node
  linkType: hard

"argparse@npm:^2.0.1":
  version: 2.0.1
  resolution: "argparse@npm:2.0.1"
  checksum: 83644b56493e89a254bae05702abf3a1101b4fa4d0ca31df1c9985275a5a5bd47b3c27b7fa0b71098d41114d8ca000e6ed90cad764b306f8a503665e4d517ced
  languageName: node
  linkType: hard

"bootstrap@npm:^3.4.1":
  version: 3.4.1
  resolution: "bootstrap@npm:3.4.1"
  checksum: 5742035e8c541cd525780542771e7d56f63e5d4b2d902427bf182d3383e74a17c9074b6809f50d7f3de0585377e673339628b97cfdcde597ad69ecb1d2b562a6
  languageName: node
  linkType: hard

"builder-util-runtime@npm:8.9.2":
  version: 8.9.2
  resolution: "builder-util-runtime@npm:8.9.2"
  dependencies:
    debug: ^4.3.2
    sax: ^1.2.4
  checksum: 35adcd6162e2ed16635ff7b7ecc353e400dcbbb3e7cd01823bfefc7256cefca8c820f62d15a0f7dbee1c7495a5f1fba4e0e238857a79b48d5f6bd35064f27208
  languageName: node
  linkType: hard

"debug@npm:^4.3.2":
  version: 4.3.4
  resolution: "debug@npm:4.3.4"
  dependencies:
    ms: 2.1.2
  peerDependenciesMeta:
    supports-color:
      optional: true
  checksum: 3dbad3f94ea64f34431a9cbf0bafb61853eda57bff2880036153438f50fb5a84f27683ba0d8e5426bf41a8c6ff03879488120cf5b3a761e77953169c0600a708
  languageName: node
  linkType: hard

"electron-log@npm:^4.4.8":
  version: 4.4.8
  resolution: "electron-log@npm:4.4.8"
  checksum: 5a7958f8fd9a5c95987e885ffe1c5b88be15bb41d348b65c92e2d8664519faddf17ce0208cd4e7027b0908f92fecedfbef246a45061f53e4a53b5d2201aafbd9
  languageName: node
  linkType: hard

"electron-updater@npm:^4.6.5":
  version: 4.6.5
  resolution: "electron-updater@npm:4.6.5"
  dependencies:
    "@types/semver": ^7.3.6
    builder-util-runtime: 8.9.2
    fs-extra: ^10.0.0
    js-yaml: ^4.1.0
    lazy-val: ^1.0.5
    lodash.escaperegexp: ^4.1.2
    lodash.isequal: ^4.5.0
    semver: ^7.3.5
  checksum: 06b34490fa6213f5c6a01de6f7b3d96eba4e1b7d27e8346747d8b094b9591684f55f92c703e2ee3407c562a240518c0eede699462cc333fcfe2983141941fe98
  languageName: node
  linkType: hard

"fs-extra@npm:^10.0.0":
  version: 10.0.1
  resolution: "fs-extra@npm:10.0.1"
  dependencies:
    graceful-fs: ^4.2.0
    jsonfile: ^6.0.1
    universalify: ^2.0.0
  checksum: c1faaa5eb9e1c5c7c7ff09f966e93922ecb068ae1b04801cfc983ef05fcc1f66bfbb8d8d0b745c910014c7a2e7317fb6cf3bfe7390450c1157e3cc1a218f221d
  languageName: node
  linkType: hard

"graceful-fs@npm:^4.1.6":
  version: 4.1.15
  resolution: "graceful-fs@npm:4.1.15"
  checksum: 0c7d7fcb739f760b3b702f993b64e2c111fce22084bbc9c5c8ff7f1a051691a7bba2baf0bf1c464ea5081225f8e17610c6b30167bcd6899aaabca820d55e403c
  languageName: node
  linkType: hard

"graceful-fs@npm:^4.2.0":
  version: 4.2.3
  resolution: "graceful-fs@npm:4.2.3"
  checksum: ec1f6a7027dfd4f6b69a15b2c78493d7211e88a8c0fdb6d93aa504f8f6b5353abac6ba0a202aedb9d970be22c2c257a1481426913ae0166bdc8bb8f3bed378dc
  languageName: node
  linkType: hard

"heos-controller@workspace:.":
  version: 0.0.0-use.local
  resolution: "heos-controller@workspace:."
  dependencies:
    bootstrap: ^3.4.1
    electron-log: ^4.4.8
    electron-updater: ^4.6.5
    jquery: ^3.6.3
    jquery-knob: "ssh://git@github.com:aterrien/jQuery-Knob.git"
  languageName: unknown
  linkType: soft

"jquery-knob@ssh://git@github.com:aterrien/jQuery-Knob.git":
  version: 1.2.13
  resolution: "jquery-knob@ssh://git@github.com:aterrien/jQuery-Knob.git#commit=755309e933d326ffaa5a2d758dc377147b766515"
  checksum: 12076a75ee04734bb043e4b634a2ed87462054d43295a7133bae799b6f8fb0c98f82bf4f5adc4aeff5d496bc2d64ffb662d01e67aa8a9eab24ce4e9114638b42
  languageName: node
  linkType: hard

"jquery@npm:^3.6.3":
  version: 3.6.3
  resolution: "jquery@npm:3.6.3"
  checksum: 0fd366bdcaa0c84a7a8751ce20f8192290141913978b5059574426d9b01f4365daa675f95aab3eec94fd794d27b08d32078a2236bef404b8ba78073009988ce6
  languageName: node
  linkType: hard

"js-yaml@npm:^4.1.0":
  version: 4.1.0
  resolution: "js-yaml@npm:4.1.0"
  dependencies:
    argparse: ^2.0.1
  bin:
    js-yaml: bin/js-yaml.js
  checksum: c7830dfd456c3ef2c6e355cc5a92e6700ceafa1d14bba54497b34a99f0376cecbb3e9ac14d3e5849b426d5a5140709a66237a8c991c675431271c4ce5504151a
  languageName: node
  linkType: hard

"jsonfile@npm:^6.0.1":
  version: 6.0.1
  resolution: "jsonfile@npm:6.0.1"
  dependencies:
    graceful-fs: ^4.1.6
    universalify: ^1.0.0
  dependenciesMeta:
    graceful-fs:
      optional: true
  checksum: d37b3732c6a44d2839338d4580f6092d569a1dc6b1895b8f0b02ece5c39420b4b8b89cf3540caa4a7da9986c5844d2f6d39753651ddd785959e628b9d87ba216
  languageName: node
  linkType: hard

"lazy-val@npm:^1.0.5":
  version: 1.0.5
  resolution: "lazy-val@npm:1.0.5"
  checksum: 31e12e0b118826dfae74f8f3ff8ebcddfe4200ff88d0d448db175c7265ee537e0ba55488d411728246337f3ed3c9ec68416f10889f632a2ce28fb7a970909fb5
  languageName: node
  linkType: hard

"lodash.escaperegexp@npm:^4.1.2":
  version: 4.1.2
  resolution: "lodash.escaperegexp@npm:4.1.2"
  checksum: 6d99452b1cfd6073175a9b741a9b09ece159eac463f86f02ea3bee2e2092923fce812c8d2bf446309cc52d1d61bf9af51c8118b0d7421388e6cead7bd3798f0f
  languageName: node
  linkType: hard

"lodash.isequal@npm:^4.5.0":
  version: 4.5.0
  resolution: "lodash.isequal@npm:4.5.0"
  checksum: da27515dc5230eb1140ba65ff8de3613649620e8656b19a6270afe4866b7bd461d9ba2ac8a48dcc57f7adac4ee80e1de9f965d89d4d81a0ad52bb3eec2609644
  languageName: node
  linkType: hard

"lru-cache@npm:^6.0.0":
  version: 6.0.0
  resolution: "lru-cache@npm:6.0.0"
  dependencies:
    yallist: ^4.0.0
  checksum: f97f499f898f23e4585742138a22f22526254fdba6d75d41a1c2526b3b6cc5747ef59c5612ba7375f42aca4f8461950e925ba08c991ead0651b4918b7c978297
  languageName: node
  linkType: hard

"ms@npm:2.1.2":
  version: 2.1.2
  resolution: "ms@npm:2.1.2"
  checksum: 673cdb2c3133eb050c745908d8ce632ed2c02d85640e2edb3ace856a2266a813b30c613569bf3354fdf4ea7d1a1494add3bfa95e2713baa27d0c2c71fc44f58f
  languageName: node
  linkType: hard

"sax@npm:^1.2.4":
  version: 1.2.4
  resolution: "sax@npm:1.2.4"
  checksum: d3df7d32b897a2c2f28e941f732c71ba90e27c24f62ee918bd4d9a8cfb3553f2f81e5493c7f0be94a11c1911b643a9108f231dd6f60df3fa9586b5d2e3e9e1fe
  languageName: node
  linkType: hard

"semver@npm:^7.3.5":
  version: 7.3.5
  resolution: "semver@npm:7.3.5"
  dependencies:
    lru-cache: ^6.0.0
  bin:
    semver: bin/semver.js
  checksum: 5eafe6102bea2a7439897c1856362e31cc348ccf96efd455c8b5bc2c61e6f7e7b8250dc26b8828c1d76a56f818a7ee907a36ae9fb37a599d3d24609207001d60
  languageName: node
  linkType: hard

"universalify@npm:^1.0.0":
  version: 1.0.0
  resolution: "universalify@npm:1.0.0"
  checksum: 095a808f2b915e3b89d29b6f3b4ee4163962b02fa5b7cb686970b8d0439f4ca789bc43f319b7cbb1ce552ae724e631d148e5aee9ce04c4f46a7fe0c5bbfd2b9e
  languageName: node
  linkType: hard

"universalify@npm:^2.0.0":
  version: 2.0.0
  resolution: "universalify@npm:2.0.0"
  checksum: 2406a4edf4a8830aa6813278bab1f953a8e40f2f63a37873ffa9a3bc8f9745d06cc8e88f3572cb899b7e509013f7f6fcc3e37e8a6d914167a5381d8440518c44
  languageName: node
  linkType: hard

"yallist@npm:^4.0.0":
  version: 4.0.0
  resolution: "yallist@npm:4.0.0"
  checksum: 343617202af32df2a15a3be36a5a8c0c8545208f3d3dfbc6bb7c3e3b7e8c6f8e7485432e4f3b88da3031a6e20afa7c711eded32ddfb122896ac5d914e75848d5
  languageName: node
  linkType: hard
